
Microsoft Visual Studio Solution File, Format Version 12.00
# Visual Studio 15
VisualStudioVersion = 15.0.28307.271
MinimumVisualStudioVersion = 10.0.40219.1
Project("{FAE04EC0-301F-11D3-BF4B-00C04F79EFBC}") = "TCP_Chat", "TCP_Chat\TCP_Chat.csproj", "{A302037B-3DAE-4263-8333-D20FFE302980}"
EndProject
Project("{FAE04EC0-301F-11D3-BF4B-00C04F79EFBC}") = "TCP_Chat_Server", "TCP_Chat_Server\TCP_Chat_Server.csproj", "{DF8C6928-CDC3-4A7B-87F5-B9B3251B58E1}"
EndProject
Project("{FAE04EC0-301F-11D3-BF4B-00C04F79EFBC}") = "TcpChatMessenger", "TcpChatMessenger\TcpChatMessenger.csproj", "{5AEB0861-A798-4F6B-9CEE-1AD4B30E1735}"
EndProject
Project("{FAE04EC0-301F-11D3-BF4B-00C04F79EFBC}") = "TcpChatViewer", "TcpChatViewer\TcpChatViewer.csproj", "{A6A39937-D01A-4981-9101-410A0B72EBB3}"
EndProject
Project("{FAE04EC0-301F-11D3-BF4B-00C04F79EFBC}") = "CompressionHelper", "CompressionHelper\CompressionHelper.csproj", "{0A3A26D9-C06E-4D1E-91D1-899D10567F5A}"
EndProject
Global
	GlobalSection(SolutionConfigurationPlatforms) = preSolution
		Debug|Any CPU = Debug|Any CPU
		Release|Any CPU = Release|Any CPU
	EndGlobalSection
	GlobalSection(ProjectConfigurationPlatforms) = postSolution
		{A302037B-3DAE-4263-8333-D20FFE302980}.Debug|Any CPU.ActiveCfg = Debug|Any CPU
		{A302037B-3DAE-4263-8333-D20FFE302980}.Debug|Any CPU.Build.0 = Debug|Any CPU
		{A302037B-3DAE-4263-8333-D20FFE302980}.Release|Any CPU.ActiveCfg = Release|Any CPU
		{A302037B-3DAE-4263-8333-D20FFE302980}.Release|Any CPU.Build.0 = Release|Any CPU
		{DF8C6928-CDC3-4A7B-87F5-B9B3251B58E1}.Debug|Any CPU.ActiveCfg = Debug|Any CPU
		{DF8C6928-CDC3-4A7B-87F5-B9B3251B58E1}.Debug|Any CPU.Build.0 = Debug|Any CPU
		{DF8C6928-CDC3-4A7B-87F5-B9B3251B58E1}.Release|Any CPU.ActiveCfg = Release|Any CPU
		{DF8C6928-CDC3-4A7B-87F5-B9B3251B58E1}.Release|Any CPU.Build.0 = Release|Any CPU
		{5AEB0861-A798-4F6B-9CEE-1AD4B30E1735}.Debug|Any CPU.ActiveCfg = Debug|Any CPU
		{5AEB0861-A798-4F6B-9CEE-1AD4B30E1735}.Debug|Any CPU.Build.0 = Debug|Any CPU
		{5AEB0861-A798-4F6B-9CEE-1AD4B30E1735}.Release|Any CPU.ActiveCfg = Release|Any CPU
		{5AEB0861-A798-4F6B-9CEE-1AD4B30E1735}.Release|Any CPU.Build.0 = Release|Any CPU
		{A6A39937-D01A-4981-9101-410A0B72EBB3}.Debug|Any CPU.ActiveCfg = Debug|Any CPU
		{A6A39937-D01A-4981-9101-410A0B72EBB3}.Debug|Any CPU.Build.0 = Debug|Any CPU
		{A6A39937-D01A-4981-9101-410A0B72EBB3}.Release|Any CPU.ActiveCfg = Release|Any CPU
		{A6A39937-D01A-4981-9101-410A0B72EBB3}.Release|Any CPU.Build.0 = Release|Any CPU
		{0A3A26D9-C06E-4D1E-91D1-899D10567F5A}.Debug|Any CPU.ActiveCfg = Debug|Any CPU
		{0A3A26D9-C06E-4D1E-91D1-899D10567F5A}.Debug|Any CPU.Build.0 = Debug|Any CPU
		{0A3A26D9-C06E-4D1E-91D1-899D10567F5A}.Release|Any CPU.ActiveCfg = Release|Any CPU
		{0A3A26D9-C06E-4D1E-91D1-899D10567F5A}.Release|Any CPU.Build.0 = Release|Any CPU
	EndGlobalSection
	GlobalSection(SolutionProperties) = preSolution
		HideSolutionNode = FALSE
	EndGlobalSection
	GlobalSection(ExtensibilityGlobals) = postSolution
		SolutionGuid = {69000257-5234-4483-A92C-37F5432BC693}
	EndGlobalSection
EndGlobal
